{
  "version": 4,
  "terraform_version": "1.6.0",
  "serial": 1395,
  "lineage": "1b8fc9c0-bb87-6188-6cd4-0f6bb1585ea3",
  "outputs": {},
  "resources": [
    {
      "mode": "data",
      "type": "yandex_compute_image",
      "name": "ubuntu",
      "provider": "provider[\"registry.terraform.io/yandex-cloud/yandex\"]",
      "instances": [
        {
          "schema_version": 0,
          "attributes": {
            "created_at": "2024-05-27T10:59:06Z",
            "description": "ubuntu 22.04 lts",
            "family": "ubuntu-2204-lts",
            "folder_id": "standard-images",
            "id": "fd8dpupkt886ut5m0j2o",
            "image_id": "fd8dpupkt886ut5m0j2o",
            "labels": {},
            "min_disk_size": 8,
            "name": "ubuntu-22-04-lts-v20240527",
            "os_type": "linux",
            "pooled": true,
            "product_ids": [
              "f2eoi98fpm57j2cssv4g"
            ],
            "size": 7,
            "status": "ready"
          },
          "sensitive_attributes": []
        }
      ]
    },
    {
      "mode": "managed",
      "type": "yandex_alb_backend_group",
      "name": "alb-bg",
      "provider": "provider[\"registry.terraform.io/yandex-cloud/yandex\"]",
      "instances": [
        {
          "schema_version": 0,
          "attributes": {
            "created_at": "2024-05-29T20:41:58Z",
            "description": "",
            "folder_id": "b1g9cuffnr1dd2d2t8pb",
            "grpc_backend": [],
            "http_backend": [
              {
                "healthcheck": [
                  {
                    "grpc_healthcheck": [],
                    "healthcheck_port": 0,
                    "healthy_threshold": 0,
                    "http_healthcheck": [
                      {
                        "host": "",
                        "http2": false,
                        "path": "/"
                      }
                    ],
                    "interval": "1s",
                    "interval_jitter_percent": 0,
                    "stream_healthcheck": [],
                    "timeout": "1s",
                    "unhealthy_threshold": 0
                  }
                ],
                "http2": false,
                "load_balancing_config": [],
                "name": "http-backend",
                "port": 80,
                "storage_bucket": "",
                "target_group_ids": [
                  "ds768f2qoa1bhh65flv6"
                ],
                "tls": [],
                "weight": 1
              }
            ],
            "id": "ds728996pr4irutoje1k",
            "labels": {},
            "name": "alb-backend",
            "session_affinity": [],
            "stream_backend": [],
            "timeouts": null
          },
          "sensitive_attributes": [],
          "private": "eyJlMmJmYjczMC1lY2FhLTExZTYtOGY4OC0zNDM2M2JjN2M0YzAiOnsiY3JlYXRlIjozMDAwMDAwMDAwMDAsImRlbGV0ZSI6MzAwMDAwMDAwMDAwLCJ1cGRhdGUiOjMwMDAwMDAwMDAwMH19",
          "dependencies": [
            "data.yandex_compute_image.ubuntu",
            "yandex_alb_target_group.alb-tg",
            "yandex_compute_disk.boot-disk-proxy1",
            "yandex_compute_disk.boot-disk-proxy2",
            "yandex_compute_instance.vm-proxy1",
            "yandex_compute_instance.vm-proxy2",
            "yandex_vpc_network.network_terraform",
            "yandex_vpc_security_group.sg_proxy",
            "yandex_vpc_security_group.sg_self",
            "yandex_vpc_subnet.subnet1_terraform",
            "yandex_vpc_subnet.subnet2_terraform"
          ]
        }
      ]
    },
    {
      "mode": "managed",
      "type": "yandex_alb_http_router",
      "name": "alb-router",
      "provider": "provider[\"registry.terraform.io/yandex-cloud/yandex\"]",
      "instances": [
        {
          "schema_version": 0,
          "attributes": {
            "created_at": "2024-05-29T20:41:16Z",
            "description": "",
            "folder_id": "b1g9cuffnr1dd2d2t8pb",
            "id": "ds7i1o06fko0s3u9cpsn",
            "labels": {},
            "name": "alb-router",
            "route_options": [],
            "timeouts": null
          },
          "sensitive_attributes": [],
          "private": "eyJlMmJmYjczMC1lY2FhLTExZTYtOGY4OC0zNDM2M2JjN2M0YzAiOnsiY3JlYXRlIjozMDAwMDAwMDAwMDAsImRlbGV0ZSI6MzAwMDAwMDAwMDAwLCJ1cGRhdGUiOjMwMDAwMDAwMDAwMH19"
        }
      ]
    },
    {
      "mode": "managed",
      "type": "yandex_alb_load_balancer",
      "name": "alb-1",
      "provider": "provider[\"registry.terraform.io/yandex-cloud/yandex\"]",
      "instances": [
        {
          "schema_version": 0,
          "attributes": {
            "allocation_policy": [
              {
                "location": [
                  {
                    "disable_traffic": false,
                    "subnet_id": "e2lmvaije0buvohdirtd",
                    "zone_id": "ru-central1-b"
                  },
                  {
                    "disable_traffic": false,
                    "subnet_id": "e9bc7m9s7j6l0mupvp27",
                    "zone_id": "ru-central1-a"
                  }
                ]
              }
            ],
            "created_at": "2024-05-29T20:41:20Z",
            "description": "",
            "folder_id": "b1g9cuffnr1dd2d2t8pb",
            "id": "ds7vlnptkjd7o2vert3c",
            "labels": {},
            "listener": [
              {
                "endpoint": [
                  {
                    "address": [
                      {
                        "external_ipv4_address": [
                          {
                            "address": "158.160.170.232"
                          }
                        ],
                        "external_ipv6_address": [],
                        "internal_ipv4_address": []
                      }
                    ],
                    "ports": [
                      80
                    ]
                  }
                ],
                "http": [
                  {
                    "handler": [
                      {
                        "allow_http10": false,
                        "http2_options": [],
                        "http_router_id": "ds7i1o06fko0s3u9cpsn",
                        "rewrite_request_id": false
                      }
                    ],
                    "redirects": []
                  }
                ],
                "name": "alb-listener",
                "stream": [],
                "tls": []
              }
            ],
            "log_group_id": "",
            "log_options": [],
            "name": "alb-1",
            "network_id": "enpcp035dr7knh6frkeg",
            "region_id": "",
            "security_group_ids": [],
            "status": "active",
            "timeouts": null
          },
          "sensitive_attributes": [],
          "private": "eyJlMmJmYjczMC1lY2FhLTExZTYtOGY4OC0zNDM2M2JjN2M0YzAiOnsiY3JlYXRlIjo2MDAwMDAwMDAwMDAsImRlbGV0ZSI6NjAwMDAwMDAwMDAwLCJ1cGRhdGUiOjYwMDAwMDAwMDAwMH19",
          "dependencies": [
            "yandex_alb_http_router.alb-router",
            "yandex_vpc_network.network_terraform",
            "yandex_vpc_subnet.subnet1_terraform",
            "yandex_vpc_subnet.subnet2_terraform"
          ]
        }
      ]
    },
    {
      "mode": "managed",
      "type": "yandex_alb_target_group",
      "name": "alb-tg",
      "provider": "provider[\"registry.terraform.io/yandex-cloud/yandex\"]",
      "instances": [
        {
          "schema_version": 0,
          "attributes": {
            "created_at": "2024-05-29T20:41:58Z",
            "description": "",
            "folder_id": "b1g9cuffnr1dd2d2t8pb",
            "id": "ds768f2qoa1bhh65flv6",
            "labels": {},
            "name": "web-servers-alb-tg",
            "target": [
              {
                "ip_address": "192.168.10.10",
                "private_ipv4_address": false,
                "subnet_id": "e9bc7m9s7j6l0mupvp27"
              },
              {
                "ip_address": "192.168.11.10",
                "private_ipv4_address": false,
                "subnet_id": "e2lmvaije0buvohdirtd"
              }
            ],
            "timeouts": null
          },
          "sensitive_attributes": [],
          "private": "eyJlMmJmYjczMC1lY2FhLTExZTYtOGY4OC0zNDM2M2JjN2M0YzAiOnsiY3JlYXRlIjozMDAwMDAwMDAwMDAsImRlbGV0ZSI6MzAwMDAwMDAwMDAwLCJ1cGRhdGUiOjMwMDAwMDAwMDAwMH19",
          "dependencies": [
            "data.yandex_compute_image.ubuntu",
            "yandex_compute_disk.boot-disk-proxy1",
            "yandex_compute_disk.boot-disk-proxy2",
            "yandex_compute_instance.vm-proxy1",
            "yandex_compute_instance.vm-proxy2",
            "yandex_vpc_network.network_terraform",
            "yandex_vpc_security_group.sg_proxy",
            "yandex_vpc_security_group.sg_self",
            "yandex_vpc_subnet.subnet1_terraform",
            "yandex_vpc_subnet.subnet2_terraform"
          ]
        }
      ]
    },
    {
      "mode": "managed",
      "type": "yandex_alb_virtual_host",
      "name": "alb-virtual-host",
      "provider": "provider[\"registry.terraform.io/yandex-cloud/yandex\"]",
      "instances": [
        {
          "schema_version": 0,
          "attributes": {
            "authority": [],
            "http_router_id": "ds7i1o06fko0s3u9cpsn",
            "id": "ds7i1o06fko0s3u9cpsn/alb-virtual-host",
            "modify_request_headers": [],
            "modify_response_headers": [],
            "name": "alb-virtual-host",
            "route": [
              {
                "grpc_route": [],
                "http_route": [
                  {
                    "direct_response_action": [],
                    "http_match": [],
                    "http_route_action": [
                      {
                        "auto_host_rewrite": false,
                        "backend_group_id": "ds728996pr4irutoje1k",
                        "host_rewrite": "",
                        "idle_timeout": "",
                        "prefix_rewrite": "",
                        "timeout": "3s",
                        "upgrade_types": []
                      }
                    ],
                    "redirect_action": []
                  }
                ],
                "name": "route-1",
                "route_options": []
              }
            ],
            "route_options": [],
            "timeouts": null
          },
          "sensitive_attributes": [],
          "private": "eyJlMmJmYjczMC1lY2FhLTExZTYtOGY4OC0zNDM2M2JjN2M0YzAiOnsiY3JlYXRlIjozMDAwMDAwMDAwMDAsImRlbGV0ZSI6MzAwMDAwMDAwMDAwLCJ1cGRhdGUiOjMwMDAwMDAwMDAwMH19",
          "dependencies": [
            "data.yandex_compute_image.ubuntu",
            "yandex_alb_backend_group.alb-bg",
            "yandex_alb_http_router.alb-router",
            "yandex_alb_target_group.alb-tg",
            "yandex_compute_disk.boot-disk-proxy1",
            "yandex_compute_disk.boot-disk-proxy2",
            "yandex_compute_instance.vm-proxy1",
            "yandex_compute_instance.vm-proxy2",
            "yandex_vpc_network.network_terraform",
            "yandex_vpc_security_group.sg_proxy",
            "yandex_vpc_security_group.sg_self",
            "yandex_vpc_subnet.subnet1_terraform",
            "yandex_vpc_subnet.subnet2_terraform"
          ]
        }
      ]
    },
    {
      "mode": "managed",
      "type": "yandex_compute_disk",
      "name": "boot-disk-ansible",
      "provider": "provider[\"registry.terraform.io/yandex-cloud/yandex\"]",
      "instances": [
        {
          "schema_version": 0,
          "attributes": {
            "allow_recreate": null,
            "block_size": 4096,
            "created_at": "2024-05-29T21:08:55Z",
            "description": "",
            "disk_placement_policy": [
              {
                "disk_placement_group_id": ""
              }
            ],
            "folder_id": "b1g9cuffnr1dd2d2t8pb",
            "id": "epdnbrgenohmcu5esjf0",
            "image_id": "fd8dpupkt886ut5m0j2o",
            "labels": null,
            "name": "ansible-hdd",
            "product_ids": [
              "f2eoi98fpm57j2cssv4g"
            ],
            "size": 10,
            "snapshot_id": "",
            "status": "ready",
            "timeouts": null,
            "type": "network-hdd",
            "zone": "ru-central1-b"
          },
          "sensitive_attributes": [],
          "private": "eyJlMmJmYjczMC1lY2FhLTExZTYtOGY4OC0zNDM2M2JjN2M0YzAiOnsiY3JlYXRlIjozMDAwMDAwMDAwMDAsImRlbGV0ZSI6MzAwMDAwMDAwMDAwLCJ1cGRhdGUiOjMwMDAwMDAwMDAwMH19",
          "dependencies": [
            "data.yandex_compute_image.ubuntu"
          ]
        }
      ]
    },
    {
      "mode": "managed",
      "type": "yandex_compute_disk",
      "name": "boot-disk-elk",
      "provider": "provider[\"registry.terraform.io/yandex-cloud/yandex\"]",
      "instances": [
        {
          "schema_version": 0,
          "attributes": {
            "allow_recreate": null,
            "block_size": 4096,
            "created_at": "2024-05-29T21:08:55Z",
            "description": "",
            "disk_placement_policy": [
              {
                "disk_placement_group_id": ""
              }
            ],
            "folder_id": "b1g9cuffnr1dd2d2t8pb",
            "id": "epdnvh2p5i22b0ldvma9",
            "image_id": "fd8dpupkt886ut5m0j2o",
            "labels": null,
            "name": "elk-hdd",
            "product_ids": [
              "f2eoi98fpm57j2cssv4g"
            ],
            "size": 30,
            "snapshot_id": "",
            "status": "ready",
            "timeouts": null,
            "type": "network-hdd",
            "zone": "ru-central1-b"
          },
          "sensitive_attributes": [],
          "private": "eyJlMmJmYjczMC1lY2FhLTExZTYtOGY4OC0zNDM2M2JjN2M0YzAiOnsiY3JlYXRlIjozMDAwMDAwMDAwMDAsImRlbGV0ZSI6MzAwMDAwMDAwMDAwLCJ1cGRhdGUiOjMwMDAwMDAwMDAwMH19",
          "dependencies": [
            "data.yandex_compute_image.ubuntu"
          ]
        }
      ]
    },
    {
      "mode": "managed",
      "type": "yandex_compute_disk",
      "name": "boot-disk-proxy1",
      "provider": "provider[\"registry.terraform.io/yandex-cloud/yandex\"]",
      "instances": [
        {
          "schema_version": 0,
          "attributes": {
            "allow_recreate": null,
            "block_size": 4096,
            "created_at": "2024-05-29T21:08:55Z",
            "description": "",
            "disk_placement_policy": [
              {
                "disk_placement_group_id": ""
              }
            ],
            "folder_id": "b1g9cuffnr1dd2d2t8pb",
            "id": "fhmpsjnibt8ej43naah0",
            "image_id": "fd8dpupkt886ut5m0j2o",
            "labels": null,
            "name": "proxy1-hdd",
            "product_ids": [
              "f2eoi98fpm57j2cssv4g"
            ],
            "size": 10,
            "snapshot_id": "",
            "status": "ready",
            "timeouts": null,
            "type": "network-hdd",
            "zone": "ru-central1-a"
          },
          "sensitive_attributes": [],
          "private": "eyJlMmJmYjczMC1lY2FhLTExZTYtOGY4OC0zNDM2M2JjN2M0YzAiOnsiY3JlYXRlIjozMDAwMDAwMDAwMDAsImRlbGV0ZSI6MzAwMDAwMDAwMDAwLCJ1cGRhdGUiOjMwMDAwMDAwMDAwMH19",
          "dependencies": [
            "data.yandex_compute_image.ubuntu"
          ]
        }
      ]
    },
    {
      "mode": "managed",
      "type": "yandex_compute_disk",
      "name": "boot-disk-proxy2",
      "provider": "provider[\"registry.terraform.io/yandex-cloud/yandex\"]",
      "instances": [
        {
          "schema_version": 0,
          "attributes": {
            "allow_recreate": null,
            "block_size": 4096,
            "created_at": "2024-05-29T21:08:55Z",
            "description": "",
            "disk_placement_policy": [
              {
                "disk_placement_group_id": ""
              }
            ],
            "folder_id": "b1g9cuffnr1dd2d2t8pb",
            "id": "epd79fl3ongaerad3jdf",
            "image_id": "fd8dpupkt886ut5m0j2o",
            "labels": null,
            "name": "proxy2-hdd",
            "product_ids": [
              "f2eoi98fpm57j2cssv4g"
            ],
            "size": 10,
            "snapshot_id": "",
            "status": "ready",
            "timeouts": null,
            "type": "network-hdd",
            "zone": "ru-central1-b"
          },
          "sensitive_attributes": [],
          "private": "eyJlMmJmYjczMC1lY2FhLTExZTYtOGY4OC0zNDM2M2JjN2M0YzAiOnsiY3JlYXRlIjozMDAwMDAwMDAwMDAsImRlbGV0ZSI6MzAwMDAwMDAwMDAwLCJ1cGRhdGUiOjMwMDAwMDAwMDAwMH19",
          "dependencies": [
            "data.yandex_compute_image.ubuntu"
          ]
        }
      ]
    },
    {
      "mode": "managed",
      "type": "yandex_compute_disk",
      "name": "boot-disk-zabbix",
      "provider": "provider[\"registry.terraform.io/yandex-cloud/yandex\"]",
      "instances": [
        {
          "schema_version": 0,
          "attributes": {
            "allow_recreate": null,
            "block_size": 4096,
            "created_at": "2024-05-29T21:08:55Z",
            "description": "",
            "disk_placement_policy": [
              {
                "disk_placement_group_id": ""
              }
            ],
            "folder_id": "b1g9cuffnr1dd2d2t8pb",
            "id": "epdgrfec805r54rjhuf8",
            "image_id": "fd8dpupkt886ut5m0j2o",
            "labels": null,
            "name": "zabbix-hdd",
            "product_ids": [
              "f2eoi98fpm57j2cssv4g"
            ],
            "size": 30,
            "snapshot_id": "",
            "status": "ready",
            "timeouts": null,
            "type": "network-hdd",
            "zone": "ru-central1-b"
          },
          "sensitive_attributes": [],
          "private": "eyJlMmJmYjczMC1lY2FhLTExZTYtOGY4OC0zNDM2M2JjN2M0YzAiOnsiY3JlYXRlIjozMDAwMDAwMDAwMDAsImRlbGV0ZSI6MzAwMDAwMDAwMDAwLCJ1cGRhdGUiOjMwMDAwMDAwMDAwMH19",
          "dependencies": [
            "data.yandex_compute_image.ubuntu"
          ]
        }
      ]
    },
    {
      "mode": "managed",
      "type": "yandex_compute_instance",
      "name": "vm-ansible",
      "provider": "provider[\"registry.terraform.io/yandex-cloud/yandex\"]",
      "instances": [
        {
          "schema_version": 1,
          "attributes": {
            "allow_recreate": null,
            "allow_stopping_for_update": true,
            "boot_disk": [
              {
                "auto_delete": true,
                "device_name": "epdnbrgenohmcu5esjf0",
                "disk_id": "epdnbrgenohmcu5esjf0",
                "initialize_params": [
                  {
                    "block_size": 4096,
                    "description": "",
                    "image_id": "fd8dpupkt886ut5m0j2o",
                    "name": "ansible-hdd",
                    "size": 10,
                    "snapshot_id": "",
                    "type": "network-hdd"
                  }
                ],
                "mode": "READ_WRITE"
              }
            ],
            "created_at": "2024-05-29T21:09:02Z",
            "description": "",
            "filesystem": [],
            "folder_id": "b1g9cuffnr1dd2d2t8pb",
            "fqdn": "ansible.ru-central1.internal",
            "gpu_cluster_id": "",
            "hostname": "ansible",
            "id": "epdg9h4q0mgosfl2sjcb",
            "labels": null,
            "local_disk": [],
            "metadata": {
              "serial-port-enable": "1",
              "user-data": "#cloud-config\nusers:\n  - name: andy\n    groups: sudo\n    shell: /bin/bash\n    lock_passwd: false\n    passwd: TGliZXJ0eSgyOCk=\n    sudo: ['ALL=(ALL) NOPASSWD:ALL']\n    ssh-authorized-keys:\n      - ssh-rsa AAAAB3NzaC1yc2EAAAADAQABAAABgQDdh0pnPlE8+Y2GNNoLLjXwBl/sVSAZ9iSV0ltcIN6Aam0of8EV3GWPunXQMDBKyBUZzyBUcjyoX063VMtiSO5IaZikTk2Ecp89k7GuRJsBfA18ZcUA6xU5Sbv173vgX6QvPZfTSf4snaTJEBL6uPQ07e9XyNweWDDjuClYurfbr7H6i6Nw4PjkCRyaW1QB0BmpAlLQWxGFcSYI++jBaHKXoJX1RdC/4u0Tc3fBcOFnjw8+xuLUDtQuUaTNLCVrKzKYteEkrkbVkLuvKPrcpUan3aDJY18Wi4PcmzkHtFislS2Thb8Y74VvxCYwmVSh8qR0heTw8TqGHjMpEDdMpFPPcb9pdLKMabaGTcu2CieqTlhZoLDzosMTUUi1fByt4qLkEawzN5fAF+mRcgOUjKcDqDYKWstOdMCI6/MBtJ+dCXwSk0BWQmOEG1gL8Nbs3uccN4hpZVVu323foySxZxHRHuhjkYhWEU1yMH2Gl7tVM8iHt3QkI6cFGOxgssVDZo8=\n      - ssh-ed25519 AAAAC3NzaC1lZDI1NTE5AAAAILATd8Loe5tts1t2iFmwEwbG9M/syCgSfRHIKMuJfUpo \n"
            },
            "metadata_options": [
              {
                "aws_v1_http_endpoint": 1,
                "aws_v1_http_token": 2,
                "gce_http_endpoint": 1,
                "gce_http_token": 1
              }
            ],
            "name": "vm-ansible",
            "network_acceleration_type": "standard",
            "network_interface": [
              {
                "dns_record": [],
                "index": 0,
                "ip_address": "192.168.11.13",
                "ipv4": true,
                "ipv6": false,
                "ipv6_address": "",
                "ipv6_dns_record": [],
                "mac_address": "d0:0d:10:4c:49:a0",
                "nat": true,
                "nat_dns_record": [],
                "nat_ip_address": "51.250.104.247",
                "nat_ip_version": "IPV4",
                "security_group_ids": [
                  "enpjc5n0sf2b98r5er5n",
                  "enpjco7iu9jg0po9e6kd"
                ],
                "subnet_id": "e2lmvaije0buvohdirtd"
              }
            ],
            "placement_policy": [
              {
                "host_affinity_rules": [],
                "placement_group_id": ""
              }
            ],
            "platform_id": "standard-v3",
            "resources": [
              {
                "core_fraction": 100,
                "cores": 2,
                "gpus": 0,
                "memory": 2
              }
            ],
            "scheduling_policy": [
              {
                "preemptible": true
              }
            ],
            "secondary_disk": [],
            "service_account_id": "",
            "status": "running",
            "timeouts": null,
            "zone": "ru-central1-b"
          },
          "sensitive_attributes": [],
          "private": "eyJlMmJmYjczMC1lY2FhLTExZTYtOGY4OC0zNDM2M2JjN2M0YzAiOnsiY3JlYXRlIjozMDAwMDAwMDAwMDAsImRlbGV0ZSI6MzAwMDAwMDAwMDAwLCJ1cGRhdGUiOjMwMDAwMDAwMDAwMH0sInNjaGVtYV92ZXJzaW9uIjoiMSJ9",
          "dependencies": [
            "data.yandex_compute_image.ubuntu",
            "yandex_compute_disk.boot-disk-ansible",
            "yandex_vpc_network.network_terraform",
            "yandex_vpc_security_group.sg_ansible",
            "yandex_vpc_security_group.sg_self",
            "yandex_vpc_subnet.subnet2_terraform"
          ]
        }
      ]
    },
    {
      "mode": "managed",
      "type": "yandex_compute_instance",
      "name": "vm-elastic",
      "provider": "provider[\"registry.terraform.io/yandex-cloud/yandex\"]",
      "instances": [
        {
          "schema_version": 1,
          "attributes": {
            "allow_recreate": null,
            "allow_stopping_for_update": true,
            "boot_disk": [
              {
                "auto_delete": true,
                "device_name": "epdnvh2p5i22b0ldvma9",
                "disk_id": "epdnvh2p5i22b0ldvma9",
                "initialize_params": [
                  {
                    "block_size": 4096,
                    "description": "",
                    "image_id": "fd8dpupkt886ut5m0j2o",
                    "name": "elk-hdd",
                    "size": 30,
                    "snapshot_id": "",
                    "type": "network-hdd"
                  }
                ],
                "mode": "READ_WRITE"
              }
            ],
            "created_at": "2024-05-29T21:09:01Z",
            "description": "",
            "filesystem": [],
            "folder_id": "b1g9cuffnr1dd2d2t8pb",
            "fqdn": "elastic.ru-central1.internal",
            "gpu_cluster_id": "",
            "hostname": "elastic",
            "id": "epdkg7i9qht63ebst14g",
            "labels": null,
            "local_disk": [],
            "metadata": {
              "serial-port-enable": "1",
              "user-data": "#cloud-config\nusers:\n  - name: andy\n    groups: sudo\n    shell: /bin/bash\n    lock_passwd: false\n    passwd: TGliZXJ0eSgyOCk=\n    sudo: ['ALL=(ALL) NOPASSWD:ALL']\n    ssh-authorized-keys:\n      - ssh-rsa AAAAB3NzaC1yc2EAAAADAQABAAABgQDdh0pnPlE8+Y2GNNoLLjXwBl/sVSAZ9iSV0ltcIN6Aam0of8EV3GWPunXQMDBKyBUZzyBUcjyoX063VMtiSO5IaZikTk2Ecp89k7GuRJsBfA18ZcUA6xU5Sbv173vgX6QvPZfTSf4snaTJEBL6uPQ07e9XyNweWDDjuClYurfbr7H6i6Nw4PjkCRyaW1QB0BmpAlLQWxGFcSYI++jBaHKXoJX1RdC/4u0Tc3fBcOFnjw8+xuLUDtQuUaTNLCVrKzKYteEkrkbVkLuvKPrcpUan3aDJY18Wi4PcmzkHtFislS2Thb8Y74VvxCYwmVSh8qR0heTw8TqGHjMpEDdMpFPPcb9pdLKMabaGTcu2CieqTlhZoLDzosMTUUi1fByt4qLkEawzN5fAF+mRcgOUjKcDqDYKWstOdMCI6/MBtJ+dCXwSk0BWQmOEG1gL8Nbs3uccN4hpZVVu323foySxZxHRHuhjkYhWEU1yMH2Gl7tVM8iHt3QkI6cFGOxgssVDZo8=\n      - ssh-ed25519 AAAAC3NzaC1lZDI1NTE5AAAAILATd8Loe5tts1t2iFmwEwbG9M/syCgSfRHIKMuJfUpo \n"
            },
            "metadata_options": [
              {
                "aws_v1_http_endpoint": 1,
                "aws_v1_http_token": 2,
                "gce_http_endpoint": 1,
                "gce_http_token": 1
              }
            ],
            "name": "vm-elastic",
            "network_acceleration_type": "standard",
            "network_interface": [
              {
                "dns_record": [],
                "index": 0,
                "ip_address": "192.168.11.12",
                "ipv4": true,
                "ipv6": false,
                "ipv6_address": "",
                "ipv6_dns_record": [],
                "mac_address": "d0:0d:14:81:e4:9d",
                "nat": true,
                "nat_dns_record": [],
                "nat_ip_address": "51.250.105.190",
                "nat_ip_version": "IPV4",
                "security_group_ids": [
                  "enpdt4qfg44je6tn5rt1",
                  "enpjc5n0sf2b98r5er5n"
                ],
                "subnet_id": "e2lmvaije0buvohdirtd"
              }
            ],
            "placement_policy": [
              {
                "host_affinity_rules": [],
                "placement_group_id": ""
              }
            ],
            "platform_id": "standard-v3",
            "resources": [
              {
                "core_fraction": 100,
                "cores": 2,
                "gpus": 0,
                "memory": 4
              }
            ],
            "scheduling_policy": [
              {
                "preemptible": true
              }
            ],
            "secondary_disk": [],
            "service_account_id": "",
            "status": "running",
            "timeouts": null,
            "zone": "ru-central1-b"
          },
          "sensitive_attributes": [],
          "private": "eyJlMmJmYjczMC1lY2FhLTExZTYtOGY4OC0zNDM2M2JjN2M0YzAiOnsiY3JlYXRlIjozMDAwMDAwMDAwMDAsImRlbGV0ZSI6MzAwMDAwMDAwMDAwLCJ1cGRhdGUiOjMwMDAwMDAwMDAwMH0sInNjaGVtYV92ZXJzaW9uIjoiMSJ9",
          "dependencies": [
            "data.yandex_compute_image.ubuntu",
            "yandex_compute_disk.boot-disk-elk",
            "yandex_vpc_network.network_terraform",
            "yandex_vpc_security_group.sg_elk",
            "yandex_vpc_security_group.sg_self",
            "yandex_vpc_subnet.subnet2_terraform"
          ]
        }
      ]
    },
    {
      "mode": "managed",
      "type": "yandex_compute_instance",
      "name": "vm-proxy1",
      "provider": "provider[\"registry.terraform.io/yandex-cloud/yandex\"]",
      "instances": [
        {
          "schema_version": 1,
          "attributes": {
            "allow_recreate": null,
            "allow_stopping_for_update": true,
            "boot_disk": [
              {
                "auto_delete": true,
                "device_name": "fhmpsjnibt8ej43naah0",
                "disk_id": "fhmpsjnibt8ej43naah0",
                "initialize_params": [
                  {
                    "block_size": 4096,
                    "description": "",
                    "image_id": "fd8dpupkt886ut5m0j2o",
                    "name": "proxy1-hdd",
                    "size": 10,
                    "snapshot_id": "",
                    "type": "network-hdd"
                  }
                ],
                "mode": "READ_WRITE"
              }
            ],
            "created_at": "2024-05-29T21:09:04Z",
            "description": "",
            "filesystem": [],
            "folder_id": "b1g9cuffnr1dd2d2t8pb",
            "fqdn": "proxy1.ru-central1.internal",
            "gpu_cluster_id": "",
            "hostname": "proxy1",
            "id": "fhmuglpb2nu698ljn565",
            "labels": null,
            "local_disk": [],
            "metadata": {
              "serial-port-enable": "1",
              "user-data": "#cloud-config\nusers:\n  - name: andy\n    groups: sudo\n    shell: /bin/bash\n    lock_passwd: false\n    passwd: TGliZXJ0eSgyOCk=\n    sudo: ['ALL=(ALL) NOPASSWD:ALL']\n    ssh-authorized-keys:\n      - ssh-rsa AAAAB3NzaC1yc2EAAAADAQABAAABgQDdh0pnPlE8+Y2GNNoLLjXwBl/sVSAZ9iSV0ltcIN6Aam0of8EV3GWPunXQMDBKyBUZzyBUcjyoX063VMtiSO5IaZikTk2Ecp89k7GuRJsBfA18ZcUA6xU5Sbv173vgX6QvPZfTSf4snaTJEBL6uPQ07e9XyNweWDDjuClYurfbr7H6i6Nw4PjkCRyaW1QB0BmpAlLQWxGFcSYI++jBaHKXoJX1RdC/4u0Tc3fBcOFnjw8+xuLUDtQuUaTNLCVrKzKYteEkrkbVkLuvKPrcpUan3aDJY18Wi4PcmzkHtFislS2Thb8Y74VvxCYwmVSh8qR0heTw8TqGHjMpEDdMpFPPcb9pdLKMabaGTcu2CieqTlhZoLDzosMTUUi1fByt4qLkEawzN5fAF+mRcgOUjKcDqDYKWstOdMCI6/MBtJ+dCXwSk0BWQmOEG1gL8Nbs3uccN4hpZVVu323foySxZxHRHuhjkYhWEU1yMH2Gl7tVM8iHt3QkI6cFGOxgssVDZo8=\n      - ssh-ed25519 AAAAC3NzaC1lZDI1NTE5AAAAILATd8Loe5tts1t2iFmwEwbG9M/syCgSfRHIKMuJfUpo \n"
            },
            "metadata_options": [
              {
                "aws_v1_http_endpoint": 1,
                "aws_v1_http_token": 2,
                "gce_http_endpoint": 1,
                "gce_http_token": 1
              }
            ],
            "name": "vm-proxy1",
            "network_acceleration_type": "standard",
            "network_interface": [
              {
                "dns_record": [],
                "index": 0,
                "ip_address": "192.168.10.10",
                "ipv4": true,
                "ipv6": false,
                "ipv6_address": "",
                "ipv6_dns_record": [],
                "mac_address": "d0:0d:1e:85:72:b1",
                "nat": true,
                "nat_dns_record": [],
                "nat_ip_address": "51.250.73.128",
                "nat_ip_version": "IPV4",
                "security_group_ids": [
                  "enpjc5n0sf2b98r5er5n",
                  "enpmjvmpf69b8e74ll6f"
                ],
                "subnet_id": "e9bc7m9s7j6l0mupvp27"
              }
            ],
            "placement_policy": [
              {
                "host_affinity_rules": [],
                "placement_group_id": ""
              }
            ],
            "platform_id": "standard-v3",
            "resources": [
              {
                "core_fraction": 100,
                "cores": 2,
                "gpus": 0,
                "memory": 2
              }
            ],
            "scheduling_policy": [
              {
                "preemptible": true
              }
            ],
            "secondary_disk": [],
            "service_account_id": "",
            "status": "running",
            "timeouts": null,
            "zone": "ru-central1-a"
          },
          "sensitive_attributes": [],
          "private": "eyJlMmJmYjczMC1lY2FhLTExZTYtOGY4OC0zNDM2M2JjN2M0YzAiOnsiY3JlYXRlIjozMDAwMDAwMDAwMDAsImRlbGV0ZSI6MzAwMDAwMDAwMDAwLCJ1cGRhdGUiOjMwMDAwMDAwMDAwMH0sInNjaGVtYV92ZXJzaW9uIjoiMSJ9",
          "dependencies": [
            "data.yandex_compute_image.ubuntu",
            "yandex_compute_disk.boot-disk-proxy1",
            "yandex_vpc_network.network_terraform",
            "yandex_vpc_security_group.sg_proxy",
            "yandex_vpc_security_group.sg_self",
            "yandex_vpc_subnet.subnet1_terraform"
          ]
        }
      ]
    },
    {
      "mode": "managed",
      "type": "yandex_compute_instance",
      "name": "vm-proxy2",
      "provider": "provider[\"registry.terraform.io/yandex-cloud/yandex\"]",
      "instances": [
        {
          "schema_version": 1,
          "attributes": {
            "allow_recreate": null,
            "allow_stopping_for_update": true,
            "boot_disk": [
              {
                "auto_delete": true,
                "device_name": "epd79fl3ongaerad3jdf",
                "disk_id": "epd79fl3ongaerad3jdf",
                "initialize_params": [
                  {
                    "block_size": 4096,
                    "description": "",
                    "image_id": "fd8dpupkt886ut5m0j2o",
                    "name": "proxy2-hdd",
                    "size": 10,
                    "snapshot_id": "",
                    "type": "network-hdd"
                  }
                ],
                "mode": "READ_WRITE"
              }
            ],
            "created_at": "2024-05-29T21:09:02Z",
            "description": "",
            "filesystem": [],
            "folder_id": "b1g9cuffnr1dd2d2t8pb",
            "fqdn": "proxy2.ru-central1.internal",
            "gpu_cluster_id": "",
            "hostname": "proxy2",
            "id": "epdacqvtr5engo98sjr3",
            "labels": null,
            "local_disk": [],
            "metadata": {
              "serial-port-enable": "1",
              "user-data": "#cloud-config\nusers:\n  - name: andy\n    groups: sudo\n    shell: /bin/bash\n    lock_passwd: false\n    passwd: TGliZXJ0eSgyOCk=\n    sudo: ['ALL=(ALL) NOPASSWD:ALL']\n    ssh-authorized-keys:\n      - ssh-rsa AAAAB3NzaC1yc2EAAAADAQABAAABgQDdh0pnPlE8+Y2GNNoLLjXwBl/sVSAZ9iSV0ltcIN6Aam0of8EV3GWPunXQMDBKyBUZzyBUcjyoX063VMtiSO5IaZikTk2Ecp89k7GuRJsBfA18ZcUA6xU5Sbv173vgX6QvPZfTSf4snaTJEBL6uPQ07e9XyNweWDDjuClYurfbr7H6i6Nw4PjkCRyaW1QB0BmpAlLQWxGFcSYI++jBaHKXoJX1RdC/4u0Tc3fBcOFnjw8+xuLUDtQuUaTNLCVrKzKYteEkrkbVkLuvKPrcpUan3aDJY18Wi4PcmzkHtFislS2Thb8Y74VvxCYwmVSh8qR0heTw8TqGHjMpEDdMpFPPcb9pdLKMabaGTcu2CieqTlhZoLDzosMTUUi1fByt4qLkEawzN5fAF+mRcgOUjKcDqDYKWstOdMCI6/MBtJ+dCXwSk0BWQmOEG1gL8Nbs3uccN4hpZVVu323foySxZxHRHuhjkYhWEU1yMH2Gl7tVM8iHt3QkI6cFGOxgssVDZo8=\n      - ssh-ed25519 AAAAC3NzaC1lZDI1NTE5AAAAILATd8Loe5tts1t2iFmwEwbG9M/syCgSfRHIKMuJfUpo \n"
            },
            "metadata_options": [
              {
                "aws_v1_http_endpoint": 1,
                "aws_v1_http_token": 2,
                "gce_http_endpoint": 1,
                "gce_http_token": 1
              }
            ],
            "name": "vm-proxy2",
            "network_acceleration_type": "standard",
            "network_interface": [
              {
                "dns_record": [],
                "index": 0,
                "ip_address": "192.168.11.10",
                "ipv4": true,
                "ipv6": false,
                "ipv6_address": "",
                "ipv6_dns_record": [],
                "mac_address": "d0:0d:a6:6b:fd:d9",
                "nat": true,
                "nat_dns_record": [],
                "nat_ip_address": "51.250.106.89",
                "nat_ip_version": "IPV4",
                "security_group_ids": [
                  "enpjc5n0sf2b98r5er5n",
                  "enpmjvmpf69b8e74ll6f"
                ],
                "subnet_id": "e2lmvaije0buvohdirtd"
              }
            ],
            "placement_policy": [
              {
                "host_affinity_rules": [],
                "placement_group_id": ""
              }
            ],
            "platform_id": "standard-v3",
            "resources": [
              {
                "core_fraction": 100,
                "cores": 2,
                "gpus": 0,
                "memory": 2
              }
            ],
            "scheduling_policy": [
              {
                "preemptible": true
              }
            ],
            "secondary_disk": [],
            "service_account_id": "",
            "status": "running",
            "timeouts": null,
            "zone": "ru-central1-b"
          },
          "sensitive_attributes": [],
          "private": "eyJlMmJmYjczMC1lY2FhLTExZTYtOGY4OC0zNDM2M2JjN2M0YzAiOnsiY3JlYXRlIjozMDAwMDAwMDAwMDAsImRlbGV0ZSI6MzAwMDAwMDAwMDAwLCJ1cGRhdGUiOjMwMDAwMDAwMDAwMH0sInNjaGVtYV92ZXJzaW9uIjoiMSJ9",
          "dependencies": [
            "data.yandex_compute_image.ubuntu",
            "yandex_compute_disk.boot-disk-proxy2",
            "yandex_vpc_network.network_terraform",
            "yandex_vpc_security_group.sg_proxy",
            "yandex_vpc_security_group.sg_self",
            "yandex_vpc_subnet.subnet2_terraform"
          ]
        }
      ]
    },
    {
      "mode": "managed",
      "type": "yandex_compute_instance",
      "name": "vm-zabbix",
      "provider": "provider[\"registry.terraform.io/yandex-cloud/yandex\"]",
      "instances": [
        {
          "schema_version": 1,
          "attributes": {
            "allow_recreate": null,
            "allow_stopping_for_update": true,
            "boot_disk": [
              {
                "auto_delete": true,
                "device_name": "epdgrfec805r54rjhuf8",
                "disk_id": "epdgrfec805r54rjhuf8",
                "initialize_params": [
                  {
                    "block_size": 4096,
                    "description": "",
                    "image_id": "fd8dpupkt886ut5m0j2o",
                    "name": "zabbix-hdd",
                    "size": 30,
                    "snapshot_id": "",
                    "type": "network-hdd"
                  }
                ],
                "mode": "READ_WRITE"
              }
            ],
            "created_at": "2024-05-29T21:09:03Z",
            "description": "",
            "filesystem": [],
            "folder_id": "b1g9cuffnr1dd2d2t8pb",
            "fqdn": "zabbix.ru-central1.internal",
            "gpu_cluster_id": "",
            "hostname": "zabbix",
            "id": "epdjvmd7tf0r5li090m0",
            "labels": null,
            "local_disk": [],
            "metadata": {
              "serial-port-enable": "1",
              "user-data": "#cloud-config\nusers:\n  - name: andy\n    groups: sudo\n    shell: /bin/bash\n    lock_passwd: false\n    passwd: TGliZXJ0eSgyOCk=\n    sudo: ['ALL=(ALL) NOPASSWD:ALL']\n    ssh-authorized-keys:\n      - ssh-rsa AAAAB3NzaC1yc2EAAAADAQABAAABgQDdh0pnPlE8+Y2GNNoLLjXwBl/sVSAZ9iSV0ltcIN6Aam0of8EV3GWPunXQMDBKyBUZzyBUcjyoX063VMtiSO5IaZikTk2Ecp89k7GuRJsBfA18ZcUA6xU5Sbv173vgX6QvPZfTSf4snaTJEBL6uPQ07e9XyNweWDDjuClYurfbr7H6i6Nw4PjkCRyaW1QB0BmpAlLQWxGFcSYI++jBaHKXoJX1RdC/4u0Tc3fBcOFnjw8+xuLUDtQuUaTNLCVrKzKYteEkrkbVkLuvKPrcpUan3aDJY18Wi4PcmzkHtFislS2Thb8Y74VvxCYwmVSh8qR0heTw8TqGHjMpEDdMpFPPcb9pdLKMabaGTcu2CieqTlhZoLDzosMTUUi1fByt4qLkEawzN5fAF+mRcgOUjKcDqDYKWstOdMCI6/MBtJ+dCXwSk0BWQmOEG1gL8Nbs3uccN4hpZVVu323foySxZxHRHuhjkYhWEU1yMH2Gl7tVM8iHt3QkI6cFGOxgssVDZo8=\n      - ssh-ed25519 AAAAC3NzaC1lZDI1NTE5AAAAILATd8Loe5tts1t2iFmwEwbG9M/syCgSfRHIKMuJfUpo \n"
            },
            "metadata_options": [
              {
                "aws_v1_http_endpoint": 1,
                "aws_v1_http_token": 2,
                "gce_http_endpoint": 1,
                "gce_http_token": 1
              }
            ],
            "name": "vm-zabbix",
            "network_acceleration_type": "standard",
            "network_interface": [
              {
                "dns_record": [],
                "index": 0,
                "ip_address": "192.168.11.11",
                "ipv4": true,
                "ipv6": false,
                "ipv6_address": "",
                "ipv6_dns_record": [],
                "mac_address": "d0:0d:13:fd:9a:7e",
                "nat": true,
                "nat_dns_record": [],
                "nat_ip_address": "51.250.109.118",
                "nat_ip_version": "IPV4",
                "security_group_ids": [
                  "enpjc5n0sf2b98r5er5n",
                  "enpjkcfcf08igs9on189"
                ],
                "subnet_id": "e2lmvaije0buvohdirtd"
              }
            ],
            "placement_policy": [
              {
                "host_affinity_rules": [],
                "placement_group_id": ""
              }
            ],
            "platform_id": "standard-v3",
            "resources": [
              {
                "core_fraction": 100,
                "cores": 2,
                "gpus": 0,
                "memory": 4
              }
            ],
            "scheduling_policy": [
              {
                "preemptible": true
              }
            ],
            "secondary_disk": [],
            "service_account_id": "",
            "status": "running",
            "timeouts": null,
            "zone": "ru-central1-b"
          },
          "sensitive_attributes": [],
          "private": "eyJlMmJmYjczMC1lY2FhLTExZTYtOGY4OC0zNDM2M2JjN2M0YzAiOnsiY3JlYXRlIjozMDAwMDAwMDAwMDAsImRlbGV0ZSI6MzAwMDAwMDAwMDAwLCJ1cGRhdGUiOjMwMDAwMDAwMDAwMH0sInNjaGVtYV92ZXJzaW9uIjoiMSJ9",
          "dependencies": [
            "data.yandex_compute_image.ubuntu",
            "yandex_compute_disk.boot-disk-zabbix",
            "yandex_vpc_network.network_terraform",
            "yandex_vpc_security_group.sg_self",
            "yandex_vpc_security_group.sg_zabbix",
            "yandex_vpc_subnet.subnet2_terraform"
          ]
        }
      ]
    },
    {
      "mode": "managed",
      "type": "yandex_compute_snapshot_schedule",
      "name": "default",
      "provider": "provider[\"registry.terraform.io/yandex-cloud/yandex\"]",
      "instances": [
        {
          "schema_version": 0,
          "attributes": {
            "created_at": "2024-05-29T20:57:47Z",
            "description": "",
            "disk_ids": [
              "fhmpsjnibt8ej43naah0",
              "epd79fl3ongaerad3jdf",
              "epdgrfec805r54rjhuf8",
              "epdnbrgenohmcu5esjf0",
              "epdnvh2p5i22b0ldvma9"
            ],
            "folder_id": "b1g9cuffnr1dd2d2t8pb",
            "id": "fd88no3j03mul0ugcinv",
            "labels": {},
            "name": "my-snapshot",
            "retention_period": "",
            "schedule_policy": [
              {
                "expression": "0 16 * * *",
                "start_at": "1970-01-01T00:00:00Z"
              }
            ],
            "snapshot_count": 7,
            "snapshot_spec": [
              {
                "description": "VMs-disk-snapshot",
                "labels": {
                  "snapshot-label": "daily-disk-snapshot"
                }
              }
            ],
            "status": "active",
            "timeouts": null
          },
          "sensitive_attributes": [],
          "private": "eyJlMmJmYjczMC1lY2FhLTExZTYtOGY4OC0zNDM2M2JjN2M0YzAiOnsiY3JlYXRlIjozMDAwMDAwMDAwMDAsImRlbGV0ZSI6MzAwMDAwMDAwMDAwLCJ1cGRhdGUiOjMwMDAwMDAwMDAwMH19",
          "dependencies": [
            "data.yandex_compute_image.ubuntu",
            "yandex_compute_disk.boot-disk-ansible",
            "yandex_compute_disk.boot-disk-elk",
            "yandex_compute_disk.boot-disk-proxy1",
            "yandex_compute_disk.boot-disk-proxy2",
            "yandex_compute_disk.boot-disk-zabbix"
          ]
        }
      ]
    },
    {
      "mode": "managed",
      "type": "yandex_resourcemanager_folder_iam_member",
      "name": "admin-account-iam",
      "provider": "provider[\"registry.terraform.io/yandex-cloud/yandex\"]",
      "instances": [
        {
          "schema_version": 0,
          "attributes": {
            "folder_id": "b1g9cuffnr1dd2d2t8pb",
            "id": "b1g9cuffnr1dd2d2t8pb/backup.editor/serviceAccount:aje967brfqcom0tq7g5o",
            "member": "serviceAccount:aje967brfqcom0tq7g5o",
            "role": "backup.editor",
            "sleep_after": null,
            "timeouts": null
          },
          "sensitive_attributes": [],
          "private": "eyJlMmJmYjczMC1lY2FhLTExZTYtOGY4OC0zNDM2M2JjN2M0YzAiOnsiY3JlYXRlIjo2MDAwMDAwMDAwMCwiZGVmYXVsdCI6NjAwMDAwMDAwMDAsImRlbGV0ZSI6NjAwMDAwMDAwMDAsInJlYWQiOjYwMDAwMDAwMDAwLCJ1cGRhdGUiOjYwMDAwMDAwMDAwfX0="
        }
      ]
    },
    {
      "mode": "managed",
      "type": "yandex_vpc_network",
      "name": "network_terraform",
      "provider": "provider[\"registry.terraform.io/yandex-cloud/yandex\"]",
      "instances": [
        {
          "schema_version": 0,
          "attributes": {
            "created_at": "2024-05-29T20:41:16Z",
            "default_security_group_id": "enp0lufhlsebpof4hvdf",
            "description": "",
            "folder_id": "b1g9cuffnr1dd2d2t8pb",
            "id": "enpcp035dr7knh6frkeg",
            "labels": {},
            "name": "network_terraform",
            "subnet_ids": [
              "e2lmvaije0buvohdirtd",
              "e9bc7m9s7j6l0mupvp27"
            ],
            "timeouts": null
          },
          "sensitive_attributes": [],
          "private": "eyJlMmJmYjczMC1lY2FhLTExZTYtOGY4OC0zNDM2M2JjN2M0YzAiOnsiY3JlYXRlIjo2MDAwMDAwMDAwMCwiZGVsZXRlIjo2MDAwMDAwMDAwMCwidXBkYXRlIjo2MDAwMDAwMDAwMH19"
        }
      ]
    },
    {
      "mode": "managed",
      "type": "yandex_vpc_security_group",
      "name": "sg_ansible",
      "provider": "provider[\"registry.terraform.io/yandex-cloud/yandex\"]",
      "instances": [
        {
          "schema_version": 0,
          "attributes": {
            "created_at": "2024-05-29T20:41:20Z",
            "description": "SG for ansible",
            "egress": [
              {
                "description": "rule10 description",
                "from_port": -1,
                "id": "enptg0j8vmc9pvprqguq",
                "labels": {},
                "port": -1,
                "predefined_target": "",
                "protocol": "ANY",
                "security_group_id": "",
                "to_port": -1,
                "v4_cidr_blocks": [
                  "0.0.0.0/0"
                ],
                "v6_cidr_blocks": []
              }
            ],
            "folder_id": "b1g9cuffnr1dd2d2t8pb",
            "id": "enpjco7iu9jg0po9e6kd",
            "ingress": [
              {
                "description": "rule9 description",
                "from_port": -1,
                "id": "enphte9hr43mct46pu2g",
                "labels": {},
                "port": 22,
                "predefined_target": "",
                "protocol": "TCP",
                "security_group_id": "",
                "to_port": -1,
                "v4_cidr_blocks": [
                  "0.0.0.0/0"
                ],
                "v6_cidr_blocks": []
              }
            ],
            "labels": {},
            "name": "sg_ansible",
            "network_id": "enpcp035dr7knh6frkeg",
            "status": "ACTIVE",
            "timeouts": null
          },
          "sensitive_attributes": [],
          "private": "eyJlMmJmYjczMC1lY2FhLTExZTYtOGY4OC0zNDM2M2JjN2M0YzAiOnsiY3JlYXRlIjoxODAwMDAwMDAwMDAsImRlbGV0ZSI6MTgwMDAwMDAwMDAwLCJ1cGRhdGUiOjE4MDAwMDAwMDAwMH19",
          "dependencies": [
            "yandex_vpc_network.network_terraform"
          ]
        }
      ]
    },
    {
      "mode": "managed",
      "type": "yandex_vpc_security_group",
      "name": "sg_elk",
      "provider": "provider[\"registry.terraform.io/yandex-cloud/yandex\"]",
      "instances": [
        {
          "schema_version": 0,
          "attributes": {
            "created_at": "2024-05-29T20:41:21Z",
            "description": "SG for elk",
            "egress": [
              {
                "description": "rule8 description",
                "from_port": -1,
                "id": "enpm8087i0uduer2m267",
                "labels": {},
                "port": -1,
                "predefined_target": "",
                "protocol": "ANY",
                "security_group_id": "",
                "to_port": -1,
                "v4_cidr_blocks": [
                  "0.0.0.0/0"
                ],
                "v6_cidr_blocks": []
              }
            ],
            "folder_id": "b1g9cuffnr1dd2d2t8pb",
            "id": "enpdt4qfg44je6tn5rt1",
            "ingress": [
              {
                "description": "rule7 description",
                "from_port": -1,
                "id": "enpf9v88f6658jp45lu9",
                "labels": {},
                "port": 5601,
                "predefined_target": "",
                "protocol": "TCP",
                "security_group_id": "",
                "to_port": -1,
                "v4_cidr_blocks": [
                  "0.0.0.0/0"
                ],
                "v6_cidr_blocks": []
              }
            ],
            "labels": {},
            "name": "sg_elk",
            "network_id": "enpcp035dr7knh6frkeg",
            "status": "ACTIVE",
            "timeouts": null
          },
          "sensitive_attributes": [],
          "private": "eyJlMmJmYjczMC1lY2FhLTExZTYtOGY4OC0zNDM2M2JjN2M0YzAiOnsiY3JlYXRlIjoxODAwMDAwMDAwMDAsImRlbGV0ZSI6MTgwMDAwMDAwMDAwLCJ1cGRhdGUiOjE4MDAwMDAwMDAwMH19",
          "dependencies": [
            "yandex_vpc_network.network_terraform"
          ]
        }
      ]
    },
    {
      "mode": "managed",
      "type": "yandex_vpc_security_group",
      "name": "sg_proxy",
      "provider": "provider[\"registry.terraform.io/yandex-cloud/yandex\"]",
      "instances": [
        {
          "schema_version": 0,
          "attributes": {
            "created_at": "2024-05-29T20:41:19Z",
            "description": "sg for nginx",
            "egress": [
              {
                "description": "rule3 description",
                "from_port": 0,
                "id": "enpce7o4gqfd2ceudfd2",
                "labels": {},
                "port": -1,
                "predefined_target": "",
                "protocol": "ANY",
                "security_group_id": "",
                "to_port": 65535,
                "v4_cidr_blocks": [
                  "0.0.0.0/0"
                ],
                "v6_cidr_blocks": []
              }
            ],
            "folder_id": "b1g9cuffnr1dd2d2t8pb",
            "id": "enpmjvmpf69b8e74ll6f",
            "ingress": [
              {
                "description": "rule1 description",
                "from_port": -1,
                "id": "enp00e0rarklcp2f9ak6",
                "labels": {},
                "port": 80,
                "predefined_target": "",
                "protocol": "TCP",
                "security_group_id": "",
                "to_port": -1,
                "v4_cidr_blocks": [
                  "0.0.0.0/0"
                ],
                "v6_cidr_blocks": []
              }
            ],
            "labels": {},
            "name": "sg_proxy",
            "network_id": "enpcp035dr7knh6frkeg",
            "status": "ACTIVE",
            "timeouts": null
          },
          "sensitive_attributes": [],
          "private": "eyJlMmJmYjczMC1lY2FhLTExZTYtOGY4OC0zNDM2M2JjN2M0YzAiOnsiY3JlYXRlIjoxODAwMDAwMDAwMDAsImRlbGV0ZSI6MTgwMDAwMDAwMDAwLCJ1cGRhdGUiOjE4MDAwMDAwMDAwMH19",
          "dependencies": [
            "yandex_vpc_network.network_terraform"
          ]
        }
      ]
    },
    {
      "mode": "managed",
      "type": "yandex_vpc_security_group",
      "name": "sg_self",
      "provider": "provider[\"registry.terraform.io/yandex-cloud/yandex\"]",
      "instances": [
        {
          "schema_version": 0,
          "attributes": {
            "created_at": "2024-05-29T20:41:18Z",
            "description": "SG communication beetwen VMs",
            "egress": [
              {
                "description": "rule4 description",
                "from_port": 0,
                "id": "enp732re1okj6aemgs65",
                "labels": {},
                "port": -1,
                "predefined_target": "self_security_group",
                "protocol": "ANY",
                "security_group_id": "",
                "to_port": 65535,
                "v4_cidr_blocks": [],
                "v6_cidr_blocks": []
              },
              {
                "description": "rule6 description",
                "from_port": -1,
                "id": "enpeofhbtqct0ktpifbm",
                "labels": {},
                "port": -1,
                "predefined_target": "",
                "protocol": "ANY",
                "security_group_id": "",
                "to_port": -1,
                "v4_cidr_blocks": [
                  "0.0.0.0/0"
                ],
                "v6_cidr_blocks": []
              }
            ],
            "folder_id": "b1g9cuffnr1dd2d2t8pb",
            "id": "enpjc5n0sf2b98r5er5n",
            "ingress": [
              {
                "description": "rule3 description",
                "from_port": 0,
                "id": "enphfqo9i66oni3sqgjj",
                "labels": {},
                "port": -1,
                "predefined_target": "self_security_group",
                "protocol": "ANY",
                "security_group_id": "",
                "to_port": 65535,
                "v4_cidr_blocks": [],
                "v6_cidr_blocks": []
              }
            ],
            "labels": {},
            "name": "sg-self",
            "network_id": "enpcp035dr7knh6frkeg",
            "status": "ACTIVE",
            "timeouts": null
          },
          "sensitive_attributes": [],
          "private": "eyJlMmJmYjczMC1lY2FhLTExZTYtOGY4OC0zNDM2M2JjN2M0YzAiOnsiY3JlYXRlIjoxODAwMDAwMDAwMDAsImRlbGV0ZSI6MTgwMDAwMDAwMDAwLCJ1cGRhdGUiOjE4MDAwMDAwMDAwMH19",
          "dependencies": [
            "yandex_vpc_network.network_terraform"
          ]
        }
      ]
    },
    {
      "mode": "managed",
      "type": "yandex_vpc_security_group",
      "name": "sg_zabbix",
      "provider": "provider[\"registry.terraform.io/yandex-cloud/yandex\"]",
      "instances": [
        {
          "schema_version": 0,
          "attributes": {
            "created_at": "2024-05-29T20:41:22Z",
            "description": "SG for zabbix",
            "egress": [],
            "folder_id": "b1g9cuffnr1dd2d2t8pb",
            "id": "enpjkcfcf08igs9on189",
            "ingress": [
              {
                "description": "rule5 description",
                "from_port": -1,
                "id": "enp7bkt3jvu0ga1cln8q",
                "labels": {},
                "port": 8080,
                "predefined_target": "",
                "protocol": "TCP",
                "security_group_id": "",
                "to_port": -1,
                "v4_cidr_blocks": [
                  "0.0.0.0/0"
                ],
                "v6_cidr_blocks": []
              }
            ],
            "labels": {},
            "name": "sg_zabbix",
            "network_id": "enpcp035dr7knh6frkeg",
            "status": "ACTIVE",
            "timeouts": null
          },
          "sensitive_attributes": [],
          "private": "eyJlMmJmYjczMC1lY2FhLTExZTYtOGY4OC0zNDM2M2JjN2M0YzAiOnsiY3JlYXRlIjoxODAwMDAwMDAwMDAsImRlbGV0ZSI6MTgwMDAwMDAwMDAwLCJ1cGRhdGUiOjE4MDAwMDAwMDAwMH19",
          "dependencies": [
            "yandex_vpc_network.network_terraform"
          ]
        }
      ]
    },
    {
      "mode": "managed",
      "type": "yandex_vpc_security_group_rule",
      "name": "rule1",
      "provider": "provider[\"registry.terraform.io/yandex-cloud/yandex\"]",
      "instances": [
        {
          "schema_version": 0,
          "attributes": {
            "description": "rule1 description",
            "direction": "ingress",
            "from_port": -1,
            "id": "enp00e0rarklcp2f9ak6",
            "labels": {},
            "port": 80,
            "predefined_target": "",
            "protocol": "TCP",
            "security_group_binding": "enpmjvmpf69b8e74ll6f",
            "security_group_id": "",
            "timeouts": null,
            "to_port": -1,
            "v4_cidr_blocks": [
              "0.0.0.0/0"
            ],
            "v6_cidr_blocks": null
          },
          "sensitive_attributes": [],
          "private": "eyJlMmJmYjczMC1lY2FhLTExZTYtOGY4OC0zNDM2M2JjN2M0YzAiOnsiY3JlYXRlIjoxODAwMDAwMDAwMDAsImRlbGV0ZSI6MTgwMDAwMDAwMDAwLCJyZWFkIjoxODAwMDAwMDAwMDAsInVwZGF0ZSI6MTgwMDAwMDAwMDAwfX0=",
          "dependencies": [
            "yandex_vpc_network.network_terraform",
            "yandex_vpc_security_group.sg_proxy"
          ]
        }
      ]
    },
    {
      "mode": "managed",
      "type": "yandex_vpc_security_group_rule",
      "name": "rule10",
      "provider": "provider[\"registry.terraform.io/yandex-cloud/yandex\"]",
      "instances": [
        {
          "schema_version": 0,
          "attributes": {
            "description": "rule10 description",
            "direction": "egress",
            "from_port": -1,
            "id": "enptg0j8vmc9pvprqguq",
            "labels": {},
            "port": -1,
            "predefined_target": "",
            "protocol": "ANY",
            "security_group_binding": "enpjco7iu9jg0po9e6kd",
            "security_group_id": "",
            "timeouts": null,
            "to_port": -1,
            "v4_cidr_blocks": [
              "0.0.0.0/0"
            ],
            "v6_cidr_blocks": null
          },
          "sensitive_attributes": [],
          "private": "eyJlMmJmYjczMC1lY2FhLTExZTYtOGY4OC0zNDM2M2JjN2M0YzAiOnsiY3JlYXRlIjoxODAwMDAwMDAwMDAsImRlbGV0ZSI6MTgwMDAwMDAwMDAwLCJyZWFkIjoxODAwMDAwMDAwMDAsInVwZGF0ZSI6MTgwMDAwMDAwMDAwfX0=",
          "dependencies": [
            "yandex_vpc_network.network_terraform",
            "yandex_vpc_security_group.sg_ansible"
          ]
        }
      ]
    },
    {
      "mode": "managed",
      "type": "yandex_vpc_security_group_rule",
      "name": "rule2",
      "provider": "provider[\"registry.terraform.io/yandex-cloud/yandex\"]",
      "instances": [
        {
          "schema_version": 0,
          "attributes": {
            "description": "rule3 description",
            "direction": "egress",
            "from_port": 0,
            "id": "enpce7o4gqfd2ceudfd2",
            "labels": {},
            "port": -1,
            "predefined_target": "",
            "protocol": "ANY",
            "security_group_binding": "enpmjvmpf69b8e74ll6f",
            "security_group_id": "",
            "timeouts": null,
            "to_port": 65535,
            "v4_cidr_blocks": [
              "0.0.0.0/0"
            ],
            "v6_cidr_blocks": null
          },
          "sensitive_attributes": [],
          "private": "eyJlMmJmYjczMC1lY2FhLTExZTYtOGY4OC0zNDM2M2JjN2M0YzAiOnsiY3JlYXRlIjoxODAwMDAwMDAwMDAsImRlbGV0ZSI6MTgwMDAwMDAwMDAwLCJyZWFkIjoxODAwMDAwMDAwMDAsInVwZGF0ZSI6MTgwMDAwMDAwMDAwfX0=",
          "dependencies": [
            "yandex_vpc_network.network_terraform",
            "yandex_vpc_security_group.sg_proxy"
          ]
        }
      ]
    },
    {
      "mode": "managed",
      "type": "yandex_vpc_security_group_rule",
      "name": "rule3",
      "provider": "provider[\"registry.terraform.io/yandex-cloud/yandex\"]",
      "instances": [
        {
          "schema_version": 0,
          "attributes": {
            "description": "rule3 description",
            "direction": "ingress",
            "from_port": 0,
            "id": "enphfqo9i66oni3sqgjj",
            "labels": {},
            "port": -1,
            "predefined_target": "self_security_group",
            "protocol": "ANY",
            "security_group_binding": "enpjc5n0sf2b98r5er5n",
            "security_group_id": "",
            "timeouts": null,
            "to_port": 65535,
            "v4_cidr_blocks": null,
            "v6_cidr_blocks": null
          },
          "sensitive_attributes": [],
          "private": "eyJlMmJmYjczMC1lY2FhLTExZTYtOGY4OC0zNDM2M2JjN2M0YzAiOnsiY3JlYXRlIjoxODAwMDAwMDAwMDAsImRlbGV0ZSI6MTgwMDAwMDAwMDAwLCJyZWFkIjoxODAwMDAwMDAwMDAsInVwZGF0ZSI6MTgwMDAwMDAwMDAwfX0=",
          "dependencies": [
            "yandex_vpc_network.network_terraform",
            "yandex_vpc_security_group.sg_self"
          ]
        }
      ]
    },
    {
      "mode": "managed",
      "type": "yandex_vpc_security_group_rule",
      "name": "rule4",
      "provider": "provider[\"registry.terraform.io/yandex-cloud/yandex\"]",
      "instances": [
        {
          "schema_version": 0,
          "attributes": {
            "description": "rule4 description",
            "direction": "egress",
            "from_port": 0,
            "id": "enp732re1okj6aemgs65",
            "labels": {},
            "port": -1,
            "predefined_target": "self_security_group",
            "protocol": "ANY",
            "security_group_binding": "enpjc5n0sf2b98r5er5n",
            "security_group_id": "",
            "timeouts": null,
            "to_port": 65535,
            "v4_cidr_blocks": null,
            "v6_cidr_blocks": null
          },
          "sensitive_attributes": [],
          "private": "eyJlMmJmYjczMC1lY2FhLTExZTYtOGY4OC0zNDM2M2JjN2M0YzAiOnsiY3JlYXRlIjoxODAwMDAwMDAwMDAsImRlbGV0ZSI6MTgwMDAwMDAwMDAwLCJyZWFkIjoxODAwMDAwMDAwMDAsInVwZGF0ZSI6MTgwMDAwMDAwMDAwfX0=",
          "dependencies": [
            "yandex_vpc_network.network_terraform",
            "yandex_vpc_security_group.sg_self"
          ]
        }
      ]
    },
    {
      "mode": "managed",
      "type": "yandex_vpc_security_group_rule",
      "name": "rule5",
      "provider": "provider[\"registry.terraform.io/yandex-cloud/yandex\"]",
      "instances": [
        {
          "schema_version": 0,
          "attributes": {
            "description": "rule5 description",
            "direction": "ingress",
            "from_port": -1,
            "id": "enp7bkt3jvu0ga1cln8q",
            "labels": {},
            "port": 8080,
            "predefined_target": "",
            "protocol": "TCP",
            "security_group_binding": "enpjkcfcf08igs9on189",
            "security_group_id": "",
            "timeouts": null,
            "to_port": -1,
            "v4_cidr_blocks": [
              "0.0.0.0/0"
            ],
            "v6_cidr_blocks": null
          },
          "sensitive_attributes": [],
          "private": "eyJlMmJmYjczMC1lY2FhLTExZTYtOGY4OC0zNDM2M2JjN2M0YzAiOnsiY3JlYXRlIjoxODAwMDAwMDAwMDAsImRlbGV0ZSI6MTgwMDAwMDAwMDAwLCJyZWFkIjoxODAwMDAwMDAwMDAsInVwZGF0ZSI6MTgwMDAwMDAwMDAwfX0=",
          "dependencies": [
            "yandex_vpc_network.network_terraform",
            "yandex_vpc_security_group.sg_zabbix"
          ]
        }
      ]
    },
    {
      "mode": "managed",
      "type": "yandex_vpc_security_group_rule",
      "name": "rule6",
      "provider": "provider[\"registry.terraform.io/yandex-cloud/yandex\"]",
      "instances": [
        {
          "schema_version": 0,
          "attributes": {
            "description": "rule6 description",
            "direction": "egress",
            "from_port": -1,
            "id": "enpeofhbtqct0ktpifbm",
            "labels": {},
            "port": -1,
            "predefined_target": "",
            "protocol": "ANY",
            "security_group_binding": "enpjc5n0sf2b98r5er5n",
            "security_group_id": "",
            "timeouts": null,
            "to_port": -1,
            "v4_cidr_blocks": [
              "0.0.0.0/0"
            ],
            "v6_cidr_blocks": null
          },
          "sensitive_attributes": [],
          "private": "eyJlMmJmYjczMC1lY2FhLTExZTYtOGY4OC0zNDM2M2JjN2M0YzAiOnsiY3JlYXRlIjoxODAwMDAwMDAwMDAsImRlbGV0ZSI6MTgwMDAwMDAwMDAwLCJyZWFkIjoxODAwMDAwMDAwMDAsInVwZGF0ZSI6MTgwMDAwMDAwMDAwfX0=",
          "dependencies": [
            "yandex_vpc_network.network_terraform",
            "yandex_vpc_security_group.sg_self"
          ]
        }
      ]
    },
    {
      "mode": "managed",
      "type": "yandex_vpc_security_group_rule",
      "name": "rule7",
      "provider": "provider[\"registry.terraform.io/yandex-cloud/yandex\"]",
      "instances": [
        {
          "schema_version": 0,
          "attributes": {
            "description": "rule7 description",
            "direction": "ingress",
            "from_port": -1,
            "id": "enpf9v88f6658jp45lu9",
            "labels": {},
            "port": 5601,
            "predefined_target": "",
            "protocol": "TCP",
            "security_group_binding": "enpdt4qfg44je6tn5rt1",
            "security_group_id": "",
            "timeouts": null,
            "to_port": -1,
            "v4_cidr_blocks": [
              "0.0.0.0/0"
            ],
            "v6_cidr_blocks": null
          },
          "sensitive_attributes": [],
          "private": "eyJlMmJmYjczMC1lY2FhLTExZTYtOGY4OC0zNDM2M2JjN2M0YzAiOnsiY3JlYXRlIjoxODAwMDAwMDAwMDAsImRlbGV0ZSI6MTgwMDAwMDAwMDAwLCJyZWFkIjoxODAwMDAwMDAwMDAsInVwZGF0ZSI6MTgwMDAwMDAwMDAwfX0=",
          "dependencies": [
            "yandex_vpc_network.network_terraform",
            "yandex_vpc_security_group.sg_elk"
          ]
        }
      ]
    },
    {
      "mode": "managed",
      "type": "yandex_vpc_security_group_rule",
      "name": "rule8",
      "provider": "provider[\"registry.terraform.io/yandex-cloud/yandex\"]",
      "instances": [
        {
          "schema_version": 0,
          "attributes": {
            "description": "rule8 description",
            "direction": "egress",
            "from_port": -1,
            "id": "enpm8087i0uduer2m267",
            "labels": {},
            "port": -1,
            "predefined_target": "",
            "protocol": "ANY",
            "security_group_binding": "enpdt4qfg44je6tn5rt1",
            "security_group_id": "",
            "timeouts": null,
            "to_port": -1,
            "v4_cidr_blocks": [
              "0.0.0.0/0"
            ],
            "v6_cidr_blocks": null
          },
          "sensitive_attributes": [],
          "private": "eyJlMmJmYjczMC1lY2FhLTExZTYtOGY4OC0zNDM2M2JjN2M0YzAiOnsiY3JlYXRlIjoxODAwMDAwMDAwMDAsImRlbGV0ZSI6MTgwMDAwMDAwMDAwLCJyZWFkIjoxODAwMDAwMDAwMDAsInVwZGF0ZSI6MTgwMDAwMDAwMDAwfX0=",
          "dependencies": [
            "yandex_vpc_network.network_terraform",
            "yandex_vpc_security_group.sg_elk"
          ]
        }
      ]
    },
    {
      "mode": "managed",
      "type": "yandex_vpc_security_group_rule",
      "name": "rule9",
      "provider": "provider[\"registry.terraform.io/yandex-cloud/yandex\"]",
      "instances": [
        {
          "schema_version": 0,
          "attributes": {
            "description": "rule9 description",
            "direction": "ingress",
            "from_port": -1,
            "id": "enphte9hr43mct46pu2g",
            "labels": {},
            "port": 22,
            "predefined_target": "",
            "protocol": "TCP",
            "security_group_binding": "enpjco7iu9jg0po9e6kd",
            "security_group_id": "",
            "timeouts": null,
            "to_port": -1,
            "v4_cidr_blocks": [
              "0.0.0.0/0"
            ],
            "v6_cidr_blocks": null
          },
          "sensitive_attributes": [],
          "private": "eyJlMmJmYjczMC1lY2FhLTExZTYtOGY4OC0zNDM2M2JjN2M0YzAiOnsiY3JlYXRlIjoxODAwMDAwMDAwMDAsImRlbGV0ZSI6MTgwMDAwMDAwMDAwLCJyZWFkIjoxODAwMDAwMDAwMDAsInVwZGF0ZSI6MTgwMDAwMDAwMDAwfX0=",
          "dependencies": [
            "yandex_vpc_network.network_terraform",
            "yandex_vpc_security_group.sg_ansible"
          ]
        }
      ]
    },
    {
      "mode": "managed",
      "type": "yandex_vpc_subnet",
      "name": "subnet1_terraform",
      "provider": "provider[\"registry.terraform.io/yandex-cloud/yandex\"]",
      "instances": [
        {
          "schema_version": 0,
          "attributes": {
            "created_at": "2024-05-29T20:41:19Z",
            "description": "",
            "dhcp_options": [],
            "folder_id": "b1g9cuffnr1dd2d2t8pb",
            "id": "e9bc7m9s7j6l0mupvp27",
            "labels": {},
            "name": "subnet1_terraform",
            "network_id": "enpcp035dr7knh6frkeg",
            "route_table_id": "",
            "timeouts": null,
            "v4_cidr_blocks": [
              "192.168.10.0/24"
            ],
            "v6_cidr_blocks": [],
            "zone": "ru-central1-a"
          },
          "sensitive_attributes": [],
          "private": "eyJlMmJmYjczMC1lY2FhLTExZTYtOGY4OC0zNDM2M2JjN2M0YzAiOnsiY3JlYXRlIjoxODAwMDAwMDAwMDAsImRlbGV0ZSI6MTgwMDAwMDAwMDAwLCJ1cGRhdGUiOjE4MDAwMDAwMDAwMH19",
          "dependencies": [
            "yandex_vpc_network.network_terraform"
          ]
        }
      ]
    },
    {
      "mode": "managed",
      "type": "yandex_vpc_subnet",
      "name": "subnet2_terraform",
      "provider": "provider[\"registry.terraform.io/yandex-cloud/yandex\"]",
      "instances": [
        {
          "schema_version": 0,
          "attributes": {
            "created_at": "2024-05-29T20:41:19Z",
            "description": "",
            "dhcp_options": [],
            "folder_id": "b1g9cuffnr1dd2d2t8pb",
            "id": "e2lmvaije0buvohdirtd",
            "labels": {},
            "name": "subnet2_terraform",
            "network_id": "enpcp035dr7knh6frkeg",
            "route_table_id": "",
            "timeouts": null,
            "v4_cidr_blocks": [
              "192.168.11.0/24"
            ],
            "v6_cidr_blocks": [],
            "zone": "ru-central1-b"
          },
          "sensitive_attributes": [],
          "private": "eyJlMmJmYjczMC1lY2FhLTExZTYtOGY4OC0zNDM2M2JjN2M0YzAiOnsiY3JlYXRlIjoxODAwMDAwMDAwMDAsImRlbGV0ZSI6MTgwMDAwMDAwMDAwLCJ1cGRhdGUiOjE4MDAwMDAwMDAwMH19",
          "dependencies": [
            "yandex_vpc_network.network_terraform"
          ]
        }
      ]
    }
  ],
  "check_results": null
}
